
Microsoft Visual Studio Solution File, Format Version 11.00
# Visual Studio 2010
Project("{FAE04EC0-301F-11D3-BF4B-00C04F79EFBC}") = "MvcMovie", "MvcMovie\MvcMovie.csproj", "{5BD04E99-8170-49FE-9404-09E66224A02A}"
EndProject
Project("{FAE04EC0-301F-11D3-BF4B-00C04F79EFBC}") = "MvcMovie.Tests", "MvcMovie.Tests\MvcMovie.Tests.csproj", "{C47DF152-8BCB-4998-8804-DF309B03C0CC}"
EndProject
Global
	GlobalSection(SolutionConfigurationPlatforms) = preSolution
		Debug|Any CPU = Debug|Any CPU
		Release|Any CPU = Release|Any CPU
	EndGlobalSection
	GlobalSection(ProjectConfigurationPlatforms) = postSolution
		{5BD04E99-8170-49FE-9404-09E66224A02A}.Debug|Any CPU.ActiveCfg = Debug|Any CPU
		{5BD04E99-8170-49FE-9404-09E66224A02A}.Debug|Any CPU.Build.0 = Debug|Any CPU
		{5BD04E99-8170-49FE-9404-09E66224A02A}.Release|Any CPU.ActiveCfg = Release|Any CPU
		{5BD04E99-8170-49FE-9404-09E66224A02A}.Release|Any CPU.Build.0 = Release|Any CPU
		{C47DF152-8BCB-4998-8804-DF309B03C0CC}.Debug|Any CPU.ActiveCfg = Debug|Any CPU
		{C47DF152-8BCB-4998-8804-DF309B03C0CC}.Debug|Any CPU.Build.0 = Debug|Any CPU
		{C47DF152-8BCB-4998-8804-DF309B03C0CC}.Release|Any CPU.ActiveCfg = Release|Any CPU
		{C47DF152-8BCB-4998-8804-DF309B03C0CC}.Release|Any CPU.Build.0 = Release|Any CPU
	EndGlobalSection
	GlobalSection(SolutionProperties) = preSolution
		HideSolutionNode = FALSE
	EndGlobalSection
EndGlobal
